// !$*UTF8*$!
{
	archiveVersion = 1;
	classes = {
	};
	objectVersion = 56;
	objects = {

/* Begin PBXBuildFile section */
		B7C2A3F42A7104BD00B9CAFC /* WeatherView.swift in Sources */ = {isa = PBXBuildFile; fileRef = B7C2A3E02A7104BC00B9CAFC /* WeatherView.swift */; };
		B7C2A3F52A7104BD00B9CAFC /* BackgroundView.swift in Sources */ = {isa = PBXBuildFile; fileRef = B7C2A3E22A7104BD00B9CAFC /* BackgroundView.swift */; };
		B7C2A3F62A7104BD00B9CAFC /* WeatherDayView.swift in Sources */ = {isa = PBXBuildFile; fileRef = B7C2A3E32A7104BD00B9CAFC /* WeatherDayView.swift */; };
		B7C2A3F72A7104BD00B9CAFC /* CityView.swift in Sources */ = {isa = PBXBuildFile; fileRef = B7C2A3E42A7104BD00B9CAFC /* CityView.swift */; };
		B7C2A3F82A7104BD00B9CAFC /* ActionButton.swift in Sources */ = {isa = PBXBuildFile; fileRef = B7C2A3E52A7104BD00B9CAFC /* ActionButton.swift */; };
		B7C2A3F92A7104BD00B9CAFC /* VideoDetailView.swift in Sources */ = {isa = PBXBuildFile; fileRef = B7C2A3E82A7104BD00B9CAFC /* VideoDetailView.swift */; };
		B7C2A3FA2A7104BD00B9CAFC /* VideoListView.swift in Sources */ = {isa = PBXBuildFile; fileRef = B7C2A3EA2A7104BD00B9CAFC /* VideoListView.swift */; };
		B7C2A3FB2A7104BD00B9CAFC /* Assets.xcassets in Resources */ = {isa = PBXBuildFile; fileRef = B7C2A3EB2A7104BD00B9CAFC /* Assets.xcassets */; };
		B7C2A3FC2A7104BD00B9CAFC /* Video.swift in Sources */ = {isa = PBXBuildFile; fileRef = B7C2A3ED2A7104BD00B9CAFC /* Video.swift */; };
		B7C2A3FD2A7104BD00B9CAFC /* Preview Assets.xcassets in Resources */ = {isa = PBXBuildFile; fileRef = B7C2A3EF2A7104BD00B9CAFC /* Preview Assets.xcassets */; };
		B7C2A3FF2A7104BD00B9CAFC /* GoverlaApp.swift in Sources */ = {isa = PBXBuildFile; fileRef = B7C2A3F12A7104BD00B9CAFC /* GoverlaApp.swift */; };
		B7C2A4002A7104BD00B9CAFC /* ContentView.swift in Sources */ = {isa = PBXBuildFile; fileRef = B7C2A3F32A7104BD00B9CAFC /* ContentView.swift */; };
		B7C2A4052A71079400B9CAFC /* VideoListInteractor.swift in Sources */ = {isa = PBXBuildFile; fileRef = B7C2A4042A71079400B9CAFC /* VideoListInteractor.swift */; };
		B7C2A4072A7107EC00B9CAFC /* VideoListRepository.swift in Sources */ = {isa = PBXBuildFile; fileRef = B7C2A4062A7107EC00B9CAFC /* VideoListRepository.swift */; };
		B7C2A4092A7109B100B9CAFC /* VideoCellView.swift in Sources */ = {isa = PBXBuildFile; fileRef = B7C2A4082A7109B100B9CAFC /* VideoCellView.swift */; };
		B7C2A40C2A710AD600B9CAFC /* Loadable.swift in Sources */ = {isa = PBXBuildFile; fileRef = B7C2A40B2A710AD600B9CAFC /* Loadable.swift */; };
		B7C2A40F2A71158900B9CAFC /* DIContainer.swift in Sources */ = {isa = PBXBuildFile; fileRef = B7C2A40E2A71158900B9CAFC /* DIContainer.swift */; };
		B7C2A4112A711C5300B9CAFC /* AppEnvironment.swift in Sources */ = {isa = PBXBuildFile; fileRef = B7C2A4102A711C5300B9CAFC /* AppEnvironment.swift */; };
/* End PBXBuildFile section */

/* Begin PBXFileReference section */
		B7C2A3E02A7104BC00B9CAFC /* WeatherView.swift */ = {isa = PBXFileReference; fileEncoding = 4; lastKnownFileType = sourcecode.swift; path = WeatherView.swift; sourceTree = "<group>"; };
		B7C2A3E22A7104BD00B9CAFC /* BackgroundView.swift */ = {isa = PBXFileReference; fileEncoding = 4; lastKnownFileType = sourcecode.swift; path = BackgroundView.swift; sourceTree = "<group>"; };
		B7C2A3E32A7104BD00B9CAFC /* WeatherDayView.swift */ = {isa = PBXFileReference; fileEncoding = 4; lastKnownFileType = sourcecode.swift; path = WeatherDayView.swift; sourceTree = "<group>"; };
		B7C2A3E42A7104BD00B9CAFC /* CityView.swift */ = {isa = PBXFileReference; fileEncoding = 4; lastKnownFileType = sourcecode.swift; path = CityView.swift; sourceTree = "<group>"; };
		B7C2A3E52A7104BD00B9CAFC /* ActionButton.swift */ = {isa = PBXFileReference; fileEncoding = 4; lastKnownFileType = sourcecode.swift; path = ActionButton.swift; sourceTree = "<group>"; };
		B7C2A3E82A7104BD00B9CAFC /* VideoDetailView.swift */ = {isa = PBXFileReference; fileEncoding = 4; lastKnownFileType = sourcecode.swift; path = VideoDetailView.swift; sourceTree = "<group>"; };
		B7C2A3EA2A7104BD00B9CAFC /* VideoListView.swift */ = {isa = PBXFileReference; fileEncoding = 4; lastKnownFileType = sourcecode.swift; path = VideoListView.swift; sourceTree = "<group>"; };
		B7C2A3EB2A7104BD00B9CAFC /* Assets.xcassets */ = {isa = PBXFileReference; lastKnownFileType = folder.assetcatalog; path = Assets.xcassets; sourceTree = "<group>"; };
		B7C2A3ED2A7104BD00B9CAFC /* Video.swift */ = {isa = PBXFileReference; fileEncoding = 4; lastKnownFileType = sourcecode.swift; path = Video.swift; sourceTree = "<group>"; };
		B7C2A3EF2A7104BD00B9CAFC /* Preview Assets.xcassets */ = {isa = PBXFileReference; lastKnownFileType = folder.assetcatalog; path = "Preview Assets.xcassets"; sourceTree = "<group>"; };
		B7C2A3F12A7104BD00B9CAFC /* GoverlaApp.swift */ = {isa = PBXFileReference; fileEncoding = 4; lastKnownFileType = sourcecode.swift; path = GoverlaApp.swift; sourceTree = "<group>"; };
		B7C2A3F32A7104BD00B9CAFC /* ContentView.swift */ = {isa = PBXFileReference; fileEncoding = 4; lastKnownFileType = sourcecode.swift; path = ContentView.swift; sourceTree = "<group>"; };
		B7C2A4042A71079400B9CAFC /* VideoListInteractor.swift */ = {isa = PBXFileReference; lastKnownFileType = sourcecode.swift; path = VideoListInteractor.swift; sourceTree = "<group>"; };
		B7C2A4062A7107EC00B9CAFC /* VideoListRepository.swift */ = {isa = PBXFileReference; lastKnownFileType = sourcecode.swift; path = VideoListRepository.swift; sourceTree = "<group>"; };
		B7C2A4082A7109B100B9CAFC /* VideoCellView.swift */ = {isa = PBXFileReference; lastKnownFileType = sourcecode.swift; path = VideoCellView.swift; sourceTree = "<group>"; };
		B7C2A40B2A710AD600B9CAFC /* Loadable.swift */ = {isa = PBXFileReference; lastKnownFileType = sourcecode.swift; path = Loadable.swift; sourceTree = "<group>"; };
		B7C2A40E2A71158900B9CAFC /* DIContainer.swift */ = {isa = PBXFileReference; lastKnownFileType = sourcecode.swift; path = DIContainer.swift; sourceTree = "<group>"; };
		B7C2A4102A711C5300B9CAFC /* AppEnvironment.swift */ = {isa = PBXFileReference; lastKnownFileType = sourcecode.swift; path = AppEnvironment.swift; sourceTree = "<group>"; };
		B7FB065D2A69539900AAAA2D /* Goverla.app */ = {isa = PBXFileReference; explicitFileType = wrapper.application; includeInIndex = 0; path = Goverla.app; sourceTree = BUILT_PRODUCTS_DIR; };
/* End PBXFileReference section */

/* Begin PBXFrameworksBuildPhase section */
		B7FB065A2A69539900AAAA2D /* Frameworks */ = {
			isa = PBXFrameworksBuildPhase;
			buildActionMask = 2147483647;
			files = (
			);
			runOnlyForDeploymentPostprocessing = 0;
		};
/* End PBXFrameworksBuildPhase section */

/* Begin PBXGroup section */
		B7C2A3DE2A7104BC00B9CAFC /* Goverla */ = {
			isa = PBXGroup;
			children = (
				B7C2A3F12A7104BD00B9CAFC /* GoverlaApp.swift */,
				B7C2A4102A711C5300B9CAFC /* AppEnvironment.swift */,
				B7C2A3DF2A7104BC00B9CAFC /* UI */,
				B7C2A3EC2A7104BD00B9CAFC /* Models */,
				B7C2A4022A71077500B9CAFC /* Interactors */,
				B7C2A4032A71077D00B9CAFC /* Repositories */,
				B7C2A40A2A710ABA00B9CAFC /* Enums */,
				B7C2A40D2A71156E00B9CAFC /* Helpers */,
				B7C2A3EE2A7104BD00B9CAFC /* Preview Content */,
				B7C2A3EB2A7104BD00B9CAFC /* Assets.xcassets */,
			);
			path = Goverla;
			sourceTree = "<group>";
		};
		B7C2A3DF2A7104BC00B9CAFC /* UI */ = {
			isa = PBXGroup;
			children = (
				B7C2A3F32A7104BD00B9CAFC /* ContentView.swift */,
				B7C2A3E62A7104BD00B9CAFC /* Screens */,
				B7C2A3E12A7104BD00B9CAFC /* Other */,
			);
			path = UI;
			sourceTree = "<group>";
		};
		B7C2A3E12A7104BD00B9CAFC /* Other */ = {
			isa = PBXGroup;
			children = (
				B7C2A3E02A7104BC00B9CAFC /* WeatherView.swift */,
				B7C2A3E22A7104BD00B9CAFC /* BackgroundView.swift */,
				B7C2A3E32A7104BD00B9CAFC /* WeatherDayView.swift */,
				B7C2A3E42A7104BD00B9CAFC /* CityView.swift */,
				B7C2A3E52A7104BD00B9CAFC /* ActionButton.swift */,
			);
			path = Other;
			sourceTree = "<group>";
		};
		B7C2A3E62A7104BD00B9CAFC /* Screens */ = {
			isa = PBXGroup;
			children = (
				B7C2A3E72A7104BD00B9CAFC /* VideoDetail */,
				B7C2A3E92A7104BD00B9CAFC /* VideoList */,
			);
			path = Screens;
			sourceTree = "<group>";
		};
		B7C2A3E72A7104BD00B9CAFC /* VideoDetail */ = {
			isa = PBXGroup;
			children = (
				B7C2A3E82A7104BD00B9CAFC /* VideoDetailView.swift */,
			);
			path = VideoDetail;
			sourceTree = "<group>";
		};
		B7C2A3E92A7104BD00B9CAFC /* VideoList */ = {
			isa = PBXGroup;
			children = (
				B7C2A3EA2A7104BD00B9CAFC /* VideoListView.swift */,
				B7C2A4082A7109B100B9CAFC /* VideoCellView.swift */,
			);
			path = VideoList;
			sourceTree = "<group>";
		};
		B7C2A3EC2A7104BD00B9CAFC /* Models */ = {
			isa = PBXGroup;
			children = (
				B7C2A3ED2A7104BD00B9CAFC /* Video.swift */,
			);
			path = Models;
			sourceTree = "<group>";
		};
		B7C2A3EE2A7104BD00B9CAFC /* Preview Content */ = {
			isa = PBXGroup;
			children = (
				B7C2A3EF2A7104BD00B9CAFC /* Preview Assets.xcassets */,
			);
			path = "Preview Content";
			sourceTree = "<group>";
		};
		B7C2A4022A71077500B9CAFC /* Interactors */ = {
			isa = PBXGroup;
			children = (
				B7C2A4042A71079400B9CAFC /* VideoListInteractor.swift */,
			);
			path = Interactors;
			sourceTree = "<group>";
		};
		B7C2A4032A71077D00B9CAFC /* Repositories */ = {
			isa = PBXGroup;
			children = (
				B7C2A4062A7107EC00B9CAFC /* VideoListRepository.swift */,
			);
			path = Repositories;
			sourceTree = "<group>";
		};
		B7C2A40A2A710ABA00B9CAFC /* Enums */ = {
			isa = PBXGroup;
			children = (
				B7C2A40B2A710AD600B9CAFC /* Loadable.swift */,
			);
			path = Enums;
			sourceTree = "<group>";
		};
		B7C2A40D2A71156E00B9CAFC /* Helpers */ = {
			isa = PBXGroup;
			children = (
				B7C2A40E2A71158900B9CAFC /* DIContainer.swift */,
			);
			path = Helpers;
			sourceTree = "<group>";
		};
		B7FB06542A69539900AAAA2D = {
			isa = PBXGroup;
			children = (
				B7C2A3DE2A7104BC00B9CAFC /* Goverla */,
				B7FB065E2A69539900AAAA2D /* Products */,
			);
			sourceTree = "<group>";
		};
		B7FB065E2A69539900AAAA2D /* Products */ = {
			isa = PBXGroup;
			children = (
				B7FB065D2A69539900AAAA2D /* Goverla.app */,
			);
			name = Products;
			sourceTree = "<group>";
		};
/* End PBXGroup section */

/* Begin PBXNativeTarget section */
		B7FB065C2A69539900AAAA2D /* Goverla */ = {
			isa = PBXNativeTarget;
			buildConfigurationList = B7FB066B2A69539B00AAAA2D /* Build configuration list for PBXNativeTarget "Goverla" */;
			buildPhases = (
				B7FB06592A69539900AAAA2D /* Sources */,
				B7FB065A2A69539900AAAA2D /* Frameworks */,
				B7FB065B2A69539900AAAA2D /* Resources */,
			);
			buildRules = (
			);
			dependencies = (
			);
			name = Goverla;
			productName = "SwiftUI-Weather";
			productReference = B7FB065D2A69539900AAAA2D /* Goverla.app */;
			productType = "com.apple.product-type.application";
		};
/* End PBXNativeTarget section */

/* Begin PBXProject section */
		B7FB06552A69539900AAAA2D /* Project object */ = {
			isa = PBXProject;
			attributes = {
				BuildIndependentTargetsInParallel = 1;
				LastSwiftUpdateCheck = 1430;
				LastUpgradeCheck = 1430;
				TargetAttributes = {
					B7FB065C2A69539900AAAA2D = {
						CreatedOnToolsVersion = 14.3.1;
					};
				};
			};
			buildConfigurationList = B7FB06582A69539900AAAA2D /* Build configuration list for PBXProject "Goverla" */;
			compatibilityVersion = "Xcode 14.0";
			developmentRegion = en;
			hasScannedForEncodings = 0;
			knownRegions = (
				en,
				Base,
			);
			mainGroup = B7FB06542A69539900AAAA2D;
			productRefGroup = B7FB065E2A69539900AAAA2D /* Products */;
			projectDirPath = "";
			projectRoot = "";
			targets = (
				B7FB065C2A69539900AAAA2D /* Goverla */,
			);
		};
/* End PBXProject section */

/* Begin PBXResourcesBuildPhase section */
		B7FB065B2A69539900AAAA2D /* Resources */ = {
			isa = PBXResourcesBuildPhase;
			buildActionMask = 2147483647;
			files = (
				B7C2A3FD2A7104BD00B9CAFC /* Preview Assets.xcassets in Resources */,
				B7C2A3FB2A7104BD00B9CAFC /* Assets.xcassets in Resources */,
			);
			runOnlyForDeploymentPostprocessing = 0;
		};
/* End PBXResourcesBuildPhase section */

/* Begin PBXSourcesBuildPhase section */
		B7FB06592A69539900AAAA2D /* Sources */ = {
			isa = PBXSourcesBuildPhase;
			buildActionMask = 2147483647;
			files = (
				B7C2A3F52A7104BD00B9CAFC /* BackgroundView.swift in Sources */,
				B7C2A40C2A710AD600B9CAFC /* Loadable.swift in Sources */,
				B7C2A3F92A7104BD00B9CAFC /* VideoDetailView.swift in Sources */,
				B7C2A3FA2A7104BD00B9CAFC /* VideoListView.swift in Sources */,
				B7C2A4092A7109B100B9CAFC /* VideoCellView.swift in Sources */,
				B7C2A4112A711C5300B9CAFC /* AppEnvironment.swift in Sources */,
				B7C2A3F72A7104BD00B9CAFC /* CityView.swift in Sources */,
				B7C2A3F42A7104BD00B9CAFC /* WeatherView.swift in Sources */,
				B7C2A40F2A71158900B9CAFC /* DIContainer.swift in Sources */,
				B7C2A3FC2A7104BD00B9CAFC /* Video.swift in Sources */,
				B7C2A4002A7104BD00B9CAFC /* ContentView.swift in Sources */,
				B7C2A3F62A7104BD00B9CAFC /* WeatherDayView.swift in Sources */,
				B7C2A3FF2A7104BD00B9CAFC /* GoverlaApp.swift in Sources */,
				B7C2A4052A71079400B9CAFC /* VideoListInteractor.swift in Sources */,
				B7C2A3F82A7104BD00B9CAFC /* ActionButton.swift in Sources */,
				B7C2A4072A7107EC00B9CAFC /* VideoListRepository.swift in Sources */,
			);
			runOnlyForDeploymentPostprocessing = 0;
		};
/* End PBXSourcesBuildPhase section */

/* Begin XCBuildConfiguration section */
		B7FB06692A69539B00AAAA2D /* Debug */ = {
			isa = XCBuildConfiguration;
			buildSettings = {
				ALWAYS_SEARCH_USER_PATHS = NO;
				CLANG_ANALYZER_NONNULL = YES;
				CLANG_ANALYZER_NUMBER_OBJECT_CONVERSION = YES_AGGRESSIVE;
				CLANG_CXX_LANGUAGE_STANDARD = "gnu++20";
				CLANG_ENABLE_MODULES = YES;
				CLANG_ENABLE_OBJC_ARC = YES;
				CLANG_ENABLE_OBJC_WEAK = YES;
				CLANG_WARN_BLOCK_CAPTURE_AUTORELEASING = YES;
				CLANG_WARN_BOOL_CONVERSION = YES;
				CLANG_WARN_COMMA = YES;
				CLANG_WARN_CONSTANT_CONVERSION = YES;
				CLANG_WARN_DEPRECATED_OBJC_IMPLEMENTATIONS = YES;
				CLANG_WARN_DIRECT_OBJC_ISA_USAGE = YES_ERROR;
				CLANG_WARN_DOCUMENTATION_COMMENTS = YES;
				CLANG_WARN_EMPTY_BODY = YES;
				CLANG_WARN_ENUM_CONVERSION = YES;
				CLANG_WARN_INFINITE_RECURSION = YES;
				CLANG_WARN_INT_CONVERSION = YES;
				CLANG_WARN_NON_LITERAL_NULL_CONVERSION = YES;
				CLANG_WARN_OBJC_IMPLICIT_RETAIN_SELF = YES;
				CLANG_WARN_OBJC_LITERAL_CONVERSION = YES;
				CLANG_WARN_OBJC_ROOT_CLASS = YES_ERROR;
				CLANG_WARN_QUOTED_INCLUDE_IN_FRAMEWORK_HEADER = YES;
				CLANG_WARN_RANGE_LOOP_ANALYSIS = YES;
				CLANG_WARN_STRICT_PROTOTYPES = YES;
				CLANG_WARN_SUSPICIOUS_MOVE = YES;
				CLANG_WARN_UNGUARDED_AVAILABILITY = YES_AGGRESSIVE;
				CLANG_WARN_UNREACHABLE_CODE = YES;
				CLANG_WARN__DUPLICATE_METHOD_MATCH = YES;
				COPY_PHASE_STRIP = NO;
				DEBUG_INFORMATION_FORMAT = dwarf;
				ENABLE_STRICT_OBJC_MSGSEND = YES;
				ENABLE_TESTABILITY = YES;
				GCC_C_LANGUAGE_STANDARD = gnu11;
				GCC_DYNAMIC_NO_PIC = NO;
				GCC_NO_COMMON_BLOCKS = YES;
				GCC_OPTIMIZATION_LEVEL = 0;
				GCC_PREPROCESSOR_DEFINITIONS = (
					"DEBUG=1",
					"$(inherited)",
				);
				GCC_WARN_64_TO_32_BIT_CONVERSION = YES;
				GCC_WARN_ABOUT_RETURN_TYPE = YES_ERROR;
				GCC_WARN_UNDECLARED_SELECTOR = YES;
				GCC_WARN_UNINITIALIZED_AUTOS = YES_AGGRESSIVE;
				GCC_WARN_UNUSED_FUNCTION = YES;
				GCC_WARN_UNUSED_VARIABLE = YES;
				IPHONEOS_DEPLOYMENT_TARGET = 16.4;
				MTL_ENABLE_DEBUG_INFO = INCLUDE_SOURCE;
				MTL_FAST_MATH = YES;
				ONLY_ACTIVE_ARCH = YES;
				SDKROOT = iphoneos;
				SWIFT_ACTIVE_COMPILATION_CONDITIONS = DEBUG;
				SWIFT_OPTIMIZATION_LEVEL = "-Onone";
			};
			name = Debug;
		};
		B7FB066A2A69539B00AAAA2D /* Release */ = {
			isa = XCBuildConfiguration;
			buildSettings = {
				ALWAYS_SEARCH_USER_PATHS = NO;
				CLANG_ANALYZER_NONNULL = YES;
				CLANG_ANALYZER_NUMBER_OBJECT_CONVERSION = YES_AGGRESSIVE;
				CLANG_CXX_LANGUAGE_STANDARD = "gnu++20";
				CLANG_ENABLE_MODULES = YES;
				CLANG_ENABLE_OBJC_ARC = YES;
				CLANG_ENABLE_OBJC_WEAK = YES;
				CLANG_WARN_BLOCK_CAPTURE_AUTORELEASING = YES;
				CLANG_WARN_BOOL_CONVERSION = YES;
				CLANG_WARN_COMMA = YES;
				CLANG_WARN_CONSTANT_CONVERSION = YES;
				CLANG_WARN_DEPRECATED_OBJC_IMPLEMENTATIONS = YES;
				CLANG_WARN_DIRECT_OBJC_ISA_USAGE = YES_ERROR;
				CLANG_WARN_DOCUMENTATION_COMMENTS = YES;
				CLANG_WARN_EMPTY_BODY = YES;
				CLANG_WARN_ENUM_CONVERSION = YES;
				CLANG_WARN_INFINITE_RECURSION = YES;
				CLANG_WARN_INT_CONVERSION = YES;
				CLANG_WARN_NON_LITERAL_NULL_CONVERSION = YES;
				CLANG_WARN_OBJC_IMPLICIT_RETAIN_SELF = YES;
				CLANG_WARN_OBJC_LITERAL_CONVERSION = YES;
				CLANG_WARN_OBJC_ROOT_CLASS = YES_ERROR;
				CLANG_WARN_QUOTED_INCLUDE_IN_FRAMEWORK_HEADER = YES;
				CLANG_WARN_RANGE_LOOP_ANALYSIS = YES;
				CLANG_WARN_STRICT_PROTOTYPES = YES;
				CLANG_WARN_SUSPICIOUS_MOVE = YES;
				CLANG_WARN_UNGUARDED_AVAILABILITY = YES_AGGRESSIVE;
				CLANG_WARN_UNREACHABLE_CODE = YES;
				CLANG_WARN__DUPLICATE_METHOD_MATCH = YES;
				COPY_PHASE_STRIP = NO;
				DEBUG_INFORMATION_FORMAT = "dwarf-with-dsym";
				ENABLE_NS_ASSERTIONS = NO;
				ENABLE_STRICT_OBJC_MSGSEND = YES;
				GCC_C_LANGUAGE_STANDARD = gnu11;
				GCC_NO_COMMON_BLOCKS = YES;
				GCC_WARN_64_TO_32_BIT_CONVERSION = YES;
				GCC_WARN_ABOUT_RETURN_TYPE = YES_ERROR;
				GCC_WARN_UNDECLARED_SELECTOR = YES;
				GCC_WARN_UNINITIALIZED_AUTOS = YES_AGGRESSIVE;
				GCC_WARN_UNUSED_FUNCTION = YES;
				GCC_WARN_UNUSED_VARIABLE = YES;
				IPHONEOS_DEPLOYMENT_TARGET = 16.4;
				MTL_ENABLE_DEBUG_INFO = NO;
				MTL_FAST_MATH = YES;
				SDKROOT = iphoneos;
				SWIFT_COMPILATION_MODE = wholemodule;
				SWIFT_OPTIMIZATION_LEVEL = "-O";
				VALIDATE_PRODUCT = YES;
			};
			name = Release;
		};
		B7FB066C2A69539B00AAAA2D /* Debug */ = {
			isa = XCBuildConfiguration;
			buildSettings = {
				ASSETCATALOG_COMPILER_APPICON_NAME = AppIcon;
				ASSETCATALOG_COMPILER_GLOBAL_ACCENT_COLOR_NAME = AccentColor;
				CODE_SIGN_STYLE = Automatic;
				CURRENT_PROJECT_VERSION = 1;
				DEVELOPMENT_ASSET_PATHS = "\"Goverla/Preview Content\"";
				DEVELOPMENT_TEAM = 7YFUVB59LX;
				ENABLE_PREVIEWS = YES;
				GENERATE_INFOPLIST_FILE = YES;
				INFOPLIST_KEY_UIApplicationSceneManifest_Generation = YES;
				INFOPLIST_KEY_UIApplicationSupportsIndirectInputEvents = YES;
				INFOPLIST_KEY_UILaunchScreen_Generation = YES;
				INFOPLIST_KEY_UISupportedInterfaceOrientations_iPad = "UIInterfaceOrientationPortrait UIInterfaceOrientationPortraitUpsideDown UIInterfaceOrientationLandscapeLeft UIInterfaceOrientationLandscapeRight";
				INFOPLIST_KEY_UISupportedInterfaceOrientations_iPhone = "UIInterfaceOrientationPortrait UIInterfaceOrientationLandscapeLeft UIInterfaceOrientationLandscapeRight";
				LD_RUNPATH_SEARCH_PATHS = (
					"$(inherited)",
					"@executable_path/Frameworks",
				);
				MARKETING_VERSION = 1.0;
				PRODUCT_BUNDLE_IDENTIFIER = com.redreiev.goverla;
				PRODUCT_NAME = "$(TARGET_NAME)";
				SWIFT_EMIT_LOC_STRINGS = YES;
				SWIFT_VERSION = 5.0;
				TARGETED_DEVICE_FAMILY = "1,2";
			};
			name = Debug;
		};
		B7FB066D2A69539B00AAAA2D /* Release */ = {
			isa = XCBuildConfiguration;
			buildSettings = {
				ASSETCATALOG_COMPILER_APPICON_NAME = AppIcon;
				ASSETCATALOG_COMPILER_GLOBAL_ACCENT_COLOR_NAME = AccentColor;
				CODE_SIGN_STYLE = Automatic;
				CURRENT_PROJECT_VERSION = 1;
				DEVELOPMENT_ASSET_PATHS = "\"Goverla/Preview Content\"";
				DEVELOPMENT_TEAM = 7YFUVB59LX;
				ENABLE_PREVIEWS = YES;
				GENERATE_INFOPLIST_FILE = YES;
				INFOPLIST_KEY_UIApplicationSceneManifest_Generation = YES;
				INFOPLIST_KEY_UIApplicationSupportsIndirectInputEvents = YES;
				INFOPLIST_KEY_UILaunchScreen_Generation = YES;
				INFOPLIST_KEY_UISupportedInterfaceOrientations_iPad = "UIInterfaceOrientationPortrait UIInterfaceOrientationPortraitUpsideDown UIInterfaceOrientationLandscapeLeft UIInterfaceOrientationLandscapeRight";
				INFOPLIST_KEY_UISupportedInterfaceOrientations_iPhone = "UIInterfaceOrientationPortrait UIInterfaceOrientationLandscapeLeft UIInterfaceOrientationLandscapeRight";
				LD_RUNPATH_SEARCH_PATHS = (
					"$(inherited)",
					"@executable_path/Frameworks",
				);
				MARKETING_VERSION = 1.0;
				PRODUCT_BUNDLE_IDENTIFIER = com.redreiev.goverla;
				PRODUCT_NAME = "$(TARGET_NAME)";
				SWIFT_EMIT_LOC_STRINGS = YES;
				SWIFT_VERSION = 5.0;
				TARGETED_DEVICE_FAMILY = "1,2";
			};
			name = Release;
		};
/* End XCBuildConfiguration section */

/* Begin XCConfigurationList section */
		B7FB06582A69539900AAAA2D /* Build configuration list for PBXProject "Goverla" */ = {
			isa = XCConfigurationList;
			buildConfigurations = (
				B7FB06692A69539B00AAAA2D /* Debug */,
				B7FB066A2A69539B00AAAA2D /* Release */,
			);
			defaultConfigurationIsVisible = 0;
			defaultConfigurationName = Release;
		};
		B7FB066B2A69539B00AAAA2D /* Build configuration list for PBXNativeTarget "Goverla" */ = {
			isa = XCConfigurationList;
			buildConfigurations = (
				B7FB066C2A69539B00AAAA2D /* Debug */,
				B7FB066D2A69539B00AAAA2D /* Release */,
			);
			defaultConfigurationIsVisible = 0;
			defaultConfigurationName = Release;
		};
/* End XCConfigurationList section */
	};
	rootObject = B7FB06552A69539900AAAA2D /* Project object */;
}
