// !$*UTF8*$!
{
	archiveVersion = 1;
	classes = {
	};
	objectVersion = 56;
	objects = {

/* Begin PBXBuildFile section */
		B7FB06612A69539900AAAA2D /* SwiftUI_WeatherApp.swift in Sources */ = {isa = PBXBuildFile; fileRef = B7FB06602A69539900AAAA2D /* SwiftUI_WeatherApp.swift */; };
		B7FB06632A69539900AAAA2D /* ContentView.swift in Sources */ = {isa = PBXBuildFile; fileRef = B7FB06622A69539900AAAA2D /* ContentView.swift */; };
		B7FB06652A69539B00AAAA2D /* Assets.xcassets in Resources */ = {isa = PBXBuildFile; fileRef = B7FB06642A69539B00AAAA2D /* Assets.xcassets */; };
		B7FB06682A69539B00AAAA2D /* Preview Assets.xcassets in Resources */ = {isa = PBXBuildFile; fileRef = B7FB06672A69539B00AAAA2D /* Preview Assets.xcassets */; };
		B7FB06702A6AC46900AAAA2D /* WeatherView.swift in Sources */ = {isa = PBXBuildFile; fileRef = B7FB066F2A6AC46900AAAA2D /* WeatherView.swift */; };
		B7FB06722A6AC54600AAAA2D /* BackgroundView.swift in Sources */ = {isa = PBXBuildFile; fileRef = B7FB06712A6AC54600AAAA2D /* BackgroundView.swift */; };
		B7FB06742A6AC5E900AAAA2D /* CityView.swift in Sources */ = {isa = PBXBuildFile; fileRef = B7FB06732A6AC5E900AAAA2D /* CityView.swift */; };
		B7FB06762A6AC6E600AAAA2D /* ActionButton.swift in Sources */ = {isa = PBXBuildFile; fileRef = B7FB06752A6AC6E600AAAA2D /* ActionButton.swift */; };
		B7FB06782A6AC75E00AAAA2D /* WeatherDayView.swift in Sources */ = {isa = PBXBuildFile; fileRef = B7FB06772A6AC75E00AAAA2D /* WeatherDayView.swift */; };
		B7FB067A2A6FE4D700AAAA2D /* VideoListView.swift in Sources */ = {isa = PBXBuildFile; fileRef = B7FB06792A6FE4D700AAAA2D /* VideoListView.swift */; };
		B7FB067E2A6FECCE00AAAA2D /* Video.swift in Sources */ = {isa = PBXBuildFile; fileRef = B7FB067D2A6FECCD00AAAA2D /* Video.swift */; };
		B7FB06802A6FF24300AAAA2D /* VideoDetailView.swift in Sources */ = {isa = PBXBuildFile; fileRef = B7FB067F2A6FF24300AAAA2D /* VideoDetailView.swift */; };
/* End PBXBuildFile section */

/* Begin PBXFileReference section */
		B7FB065D2A69539900AAAA2D /* SwiftUI-Weather.app */ = {isa = PBXFileReference; explicitFileType = wrapper.application; includeInIndex = 0; path = "SwiftUI-Weather.app"; sourceTree = BUILT_PRODUCTS_DIR; };
		B7FB06602A69539900AAAA2D /* SwiftUI_WeatherApp.swift */ = {isa = PBXFileReference; lastKnownFileType = sourcecode.swift; path = SwiftUI_WeatherApp.swift; sourceTree = "<group>"; };
		B7FB06622A69539900AAAA2D /* ContentView.swift */ = {isa = PBXFileReference; lastKnownFileType = sourcecode.swift; path = ContentView.swift; sourceTree = "<group>"; };
		B7FB06642A69539B00AAAA2D /* Assets.xcassets */ = {isa = PBXFileReference; lastKnownFileType = folder.assetcatalog; path = Assets.xcassets; sourceTree = "<group>"; };
		B7FB06672A69539B00AAAA2D /* Preview Assets.xcassets */ = {isa = PBXFileReference; lastKnownFileType = folder.assetcatalog; path = "Preview Assets.xcassets"; sourceTree = "<group>"; };
		B7FB066F2A6AC46900AAAA2D /* WeatherView.swift */ = {isa = PBXFileReference; lastKnownFileType = sourcecode.swift; path = WeatherView.swift; sourceTree = "<group>"; };
		B7FB06712A6AC54600AAAA2D /* BackgroundView.swift */ = {isa = PBXFileReference; lastKnownFileType = sourcecode.swift; path = BackgroundView.swift; sourceTree = "<group>"; };
		B7FB06732A6AC5E900AAAA2D /* CityView.swift */ = {isa = PBXFileReference; lastKnownFileType = sourcecode.swift; path = CityView.swift; sourceTree = "<group>"; };
		B7FB06752A6AC6E600AAAA2D /* ActionButton.swift */ = {isa = PBXFileReference; lastKnownFileType = sourcecode.swift; path = ActionButton.swift; sourceTree = "<group>"; };
		B7FB06772A6AC75E00AAAA2D /* WeatherDayView.swift */ = {isa = PBXFileReference; lastKnownFileType = sourcecode.swift; path = WeatherDayView.swift; sourceTree = "<group>"; };
		B7FB06792A6FE4D700AAAA2D /* VideoListView.swift */ = {isa = PBXFileReference; lastKnownFileType = sourcecode.swift; path = VideoListView.swift; sourceTree = "<group>"; };
		B7FB067D2A6FECCD00AAAA2D /* Video.swift */ = {isa = PBXFileReference; fileEncoding = 4; lastKnownFileType = sourcecode.swift; path = Video.swift; sourceTree = "<group>"; };
		B7FB067F2A6FF24300AAAA2D /* VideoDetailView.swift */ = {isa = PBXFileReference; lastKnownFileType = sourcecode.swift; path = VideoDetailView.swift; sourceTree = "<group>"; };
/* End PBXFileReference section */

/* Begin PBXFrameworksBuildPhase section */
		B7FB065A2A69539900AAAA2D /* Frameworks */ = {
			isa = PBXFrameworksBuildPhase;
			buildActionMask = 2147483647;
			files = (
			);
			runOnlyForDeploymentPostprocessing = 0;
		};
/* End PBXFrameworksBuildPhase section */

/* Begin PBXGroup section */
		B7FB06542A69539900AAAA2D = {
			isa = PBXGroup;
			children = (
				B7FB065F2A69539900AAAA2D /* SwiftUI-Weather */,
				B7FB065E2A69539900AAAA2D /* Products */,
			);
			sourceTree = "<group>";
		};
		B7FB065E2A69539900AAAA2D /* Products */ = {
			isa = PBXGroup;
			children = (
				B7FB065D2A69539900AAAA2D /* SwiftUI-Weather.app */,
			);
			name = Products;
			sourceTree = "<group>";
		};
		B7FB065F2A69539900AAAA2D /* SwiftUI-Weather */ = {
			isa = PBXGroup;
			children = (
				B7FB06602A69539900AAAA2D /* SwiftUI_WeatherApp.swift */,
				B7FB06622A69539900AAAA2D /* ContentView.swift */,
				B7FB06862A70FBBC00AAAA2D /* Models */,
				B7FB06842A70FB4D00AAAA2D /* Interactors */,
				B7FB066E2A6AC44B00AAAA2D /* UI */,
				B7FB06642A69539B00AAAA2D /* Assets.xcassets */,
				B7FB06662A69539B00AAAA2D /* Preview Content */,
			);
			path = "SwiftUI-Weather";
			sourceTree = "<group>";
		};
		B7FB06662A69539B00AAAA2D /* Preview Content */ = {
			isa = PBXGroup;
			children = (
				B7FB06672A69539B00AAAA2D /* Preview Assets.xcassets */,
			);
			path = "Preview Content";
			sourceTree = "<group>";
		};
		B7FB066E2A6AC44B00AAAA2D /* UI */ = {
			isa = PBXGroup;
			children = (
				B7FB06812A70FABC00AAAA2D /* Screens */,
				B7FB066F2A6AC46900AAAA2D /* WeatherView.swift */,
				B7FB06852A70FB9900AAAA2D /* Other */,
			);
			path = UI;
			sourceTree = "<group>";
		};
		B7FB06812A70FABC00AAAA2D /* Screens */ = {
			isa = PBXGroup;
			children = (
				B7FB06822A70FAEF00AAAA2D /* VideoList */,
				B7FB06832A70FB0100AAAA2D /* VideoDetail */,
			);
			path = Screens;
			sourceTree = "<group>";
		};
		B7FB06822A70FAEF00AAAA2D /* VideoList */ = {
			isa = PBXGroup;
			children = (
				B7FB06792A6FE4D700AAAA2D /* VideoListView.swift */,
			);
			path = VideoList;
			sourceTree = "<group>";
		};
		B7FB06832A70FB0100AAAA2D /* VideoDetail */ = {
			isa = PBXGroup;
			children = (
				B7FB067F2A6FF24300AAAA2D /* VideoDetailView.swift */,
			);
			path = VideoDetail;
			sourceTree = "<group>";
		};
		B7FB06842A70FB4D00AAAA2D /* Interactors */ = {
			isa = PBXGroup;
			children = (
			);
			path = Interactors;
			sourceTree = "<group>";
		};
		B7FB06852A70FB9900AAAA2D /* Other */ = {
			isa = PBXGroup;
			children = (
				B7FB06772A6AC75E00AAAA2D /* WeatherDayView.swift */,
				B7FB06712A6AC54600AAAA2D /* BackgroundView.swift */,
				B7FB06732A6AC5E900AAAA2D /* CityView.swift */,
				B7FB06752A6AC6E600AAAA2D /* ActionButton.swift */,
			);
			path = Other;
			sourceTree = "<group>";
		};
		B7FB06862A70FBBC00AAAA2D /* Models */ = {
			isa = PBXGroup;
			children = (
				B7FB067D2A6FECCD00AAAA2D /* Video.swift */,
			);
			path = Models;
			sourceTree = "<group>";
		};
/* End PBXGroup section */

/* Begin PBXNativeTarget section */
		B7FB065C2A69539900AAAA2D /* SwiftUI-Weather */ = {
			isa = PBXNativeTarget;
			buildConfigurationList = B7FB066B2A69539B00AAAA2D /* Build configuration list for PBXNativeTarget "SwiftUI-Weather" */;
			buildPhases = (
				B7FB06592A69539900AAAA2D /* Sources */,
				B7FB065A2A69539900AAAA2D /* Frameworks */,
				B7FB065B2A69539900AAAA2D /* Resources */,
			);
			buildRules = (
			);
			dependencies = (
			);
			name = "SwiftUI-Weather";
			productName = "SwiftUI-Weather";
			productReference = B7FB065D2A69539900AAAA2D /* SwiftUI-Weather.app */;
			productType = "com.apple.product-type.application";
		};
/* End PBXNativeTarget section */

/* Begin PBXProject section */
		B7FB06552A69539900AAAA2D /* Project object */ = {
			isa = PBXProject;
			attributes = {
				BuildIndependentTargetsInParallel = 1;
				LastSwiftUpdateCheck = 1430;
				LastUpgradeCheck = 1430;
				TargetAttributes = {
					B7FB065C2A69539900AAAA2D = {
						CreatedOnToolsVersion = 14.3.1;
					};
				};
			};
			buildConfigurationList = B7FB06582A69539900AAAA2D /* Build configuration list for PBXProject "SwiftUI-Weather" */;
			compatibilityVersion = "Xcode 14.0";
			developmentRegion = en;
			hasScannedForEncodings = 0;
			knownRegions = (
				en,
				Base,
			);
			mainGroup = B7FB06542A69539900AAAA2D;
			productRefGroup = B7FB065E2A69539900AAAA2D /* Products */;
			projectDirPath = "";
			projectRoot = "";
			targets = (
				B7FB065C2A69539900AAAA2D /* SwiftUI-Weather */,
			);
		};
/* End PBXProject section */

/* Begin PBXResourcesBuildPhase section */
		B7FB065B2A69539900AAAA2D /* Resources */ = {
			isa = PBXResourcesBuildPhase;
			buildActionMask = 2147483647;
			files = (
				B7FB06682A69539B00AAAA2D /* Preview Assets.xcassets in Resources */,
				B7FB06652A69539B00AAAA2D /* Assets.xcassets in Resources */,
			);
			runOnlyForDeploymentPostprocessing = 0;
		};
/* End PBXResourcesBuildPhase section */

/* Begin PBXSourcesBuildPhase section */
		B7FB06592A69539900AAAA2D /* Sources */ = {
			isa = PBXSourcesBuildPhase;
			buildActionMask = 2147483647;
			files = (
				B7FB06782A6AC75E00AAAA2D /* WeatherDayView.swift in Sources */,
				B7FB06702A6AC46900AAAA2D /* WeatherView.swift in Sources */,
				B7FB06742A6AC5E900AAAA2D /* CityView.swift in Sources */,
				B7FB06632A69539900AAAA2D /* ContentView.swift in Sources */,
				B7FB067E2A6FECCE00AAAA2D /* Video.swift in Sources */,
				B7FB067A2A6FE4D700AAAA2D /* VideoListView.swift in Sources */,
				B7FB06722A6AC54600AAAA2D /* BackgroundView.swift in Sources */,
				B7FB06612A69539900AAAA2D /* SwiftUI_WeatherApp.swift in Sources */,
				B7FB06762A6AC6E600AAAA2D /* ActionButton.swift in Sources */,
				B7FB06802A6FF24300AAAA2D /* VideoDetailView.swift in Sources */,
			);
			runOnlyForDeploymentPostprocessing = 0;
		};
/* End PBXSourcesBuildPhase section */

/* Begin XCBuildConfiguration section */
		B7FB06692A69539B00AAAA2D /* Debug */ = {
			isa = XCBuildConfiguration;
			buildSettings = {
				ALWAYS_SEARCH_USER_PATHS = NO;
				CLANG_ANALYZER_NONNULL = YES;
				CLANG_ANALYZER_NUMBER_OBJECT_CONVERSION = YES_AGGRESSIVE;
				CLANG_CXX_LANGUAGE_STANDARD = "gnu++20";
				CLANG_ENABLE_MODULES = YES;
				CLANG_ENABLE_OBJC_ARC = YES;
				CLANG_ENABLE_OBJC_WEAK = YES;
				CLANG_WARN_BLOCK_CAPTURE_AUTORELEASING = YES;
				CLANG_WARN_BOOL_CONVERSION = YES;
				CLANG_WARN_COMMA = YES;
				CLANG_WARN_CONSTANT_CONVERSION = YES;
				CLANG_WARN_DEPRECATED_OBJC_IMPLEMENTATIONS = YES;
				CLANG_WARN_DIRECT_OBJC_ISA_USAGE = YES_ERROR;
				CLANG_WARN_DOCUMENTATION_COMMENTS = YES;
				CLANG_WARN_EMPTY_BODY = YES;
				CLANG_WARN_ENUM_CONVERSION = YES;
				CLANG_WARN_INFINITE_RECURSION = YES;
				CLANG_WARN_INT_CONVERSION = YES;
				CLANG_WARN_NON_LITERAL_NULL_CONVERSION = YES;
				CLANG_WARN_OBJC_IMPLICIT_RETAIN_SELF = YES;
				CLANG_WARN_OBJC_LITERAL_CONVERSION = YES;
				CLANG_WARN_OBJC_ROOT_CLASS = YES_ERROR;
				CLANG_WARN_QUOTED_INCLUDE_IN_FRAMEWORK_HEADER = YES;
				CLANG_WARN_RANGE_LOOP_ANALYSIS = YES;
				CLANG_WARN_STRICT_PROTOTYPES = YES;
				CLANG_WARN_SUSPICIOUS_MOVE = YES;
				CLANG_WARN_UNGUARDED_AVAILABILITY = YES_AGGRESSIVE;
				CLANG_WARN_UNREACHABLE_CODE = YES;
				CLANG_WARN__DUPLICATE_METHOD_MATCH = YES;
				COPY_PHASE_STRIP = NO;
				DEBUG_INFORMATION_FORMAT = dwarf;
				ENABLE_STRICT_OBJC_MSGSEND = YES;
				ENABLE_TESTABILITY = YES;
				GCC_C_LANGUAGE_STANDARD = gnu11;
				GCC_DYNAMIC_NO_PIC = NO;
				GCC_NO_COMMON_BLOCKS = YES;
				GCC_OPTIMIZATION_LEVEL = 0;
				GCC_PREPROCESSOR_DEFINITIONS = (
					"DEBUG=1",
					"$(inherited)",
				);
				GCC_WARN_64_TO_32_BIT_CONVERSION = YES;
				GCC_WARN_ABOUT_RETURN_TYPE = YES_ERROR;
				GCC_WARN_UNDECLARED_SELECTOR = YES;
				GCC_WARN_UNINITIALIZED_AUTOS = YES_AGGRESSIVE;
				GCC_WARN_UNUSED_FUNCTION = YES;
				GCC_WARN_UNUSED_VARIABLE = YES;
				IPHONEOS_DEPLOYMENT_TARGET = 16.4;
				MTL_ENABLE_DEBUG_INFO = INCLUDE_SOURCE;
				MTL_FAST_MATH = YES;
				ONLY_ACTIVE_ARCH = YES;
				SDKROOT = iphoneos;
				SWIFT_ACTIVE_COMPILATION_CONDITIONS = DEBUG;
				SWIFT_OPTIMIZATION_LEVEL = "-Onone";
			};
			name = Debug;
		};
		B7FB066A2A69539B00AAAA2D /* Release */ = {
			isa = XCBuildConfiguration;
			buildSettings = {
				ALWAYS_SEARCH_USER_PATHS = NO;
				CLANG_ANALYZER_NONNULL = YES;
				CLANG_ANALYZER_NUMBER_OBJECT_CONVERSION = YES_AGGRESSIVE;
				CLANG_CXX_LANGUAGE_STANDARD = "gnu++20";
				CLANG_ENABLE_MODULES = YES;
				CLANG_ENABLE_OBJC_ARC = YES;
				CLANG_ENABLE_OBJC_WEAK = YES;
				CLANG_WARN_BLOCK_CAPTURE_AUTORELEASING = YES;
				CLANG_WARN_BOOL_CONVERSION = YES;
				CLANG_WARN_COMMA = YES;
				CLANG_WARN_CONSTANT_CONVERSION = YES;
				CLANG_WARN_DEPRECATED_OBJC_IMPLEMENTATIONS = YES;
				CLANG_WARN_DIRECT_OBJC_ISA_USAGE = YES_ERROR;
				CLANG_WARN_DOCUMENTATION_COMMENTS = YES;
				CLANG_WARN_EMPTY_BODY = YES;
				CLANG_WARN_ENUM_CONVERSION = YES;
				CLANG_WARN_INFINITE_RECURSION = YES;
				CLANG_WARN_INT_CONVERSION = YES;
				CLANG_WARN_NON_LITERAL_NULL_CONVERSION = YES;
				CLANG_WARN_OBJC_IMPLICIT_RETAIN_SELF = YES;
				CLANG_WARN_OBJC_LITERAL_CONVERSION = YES;
				CLANG_WARN_OBJC_ROOT_CLASS = YES_ERROR;
				CLANG_WARN_QUOTED_INCLUDE_IN_FRAMEWORK_HEADER = YES;
				CLANG_WARN_RANGE_LOOP_ANALYSIS = YES;
				CLANG_WARN_STRICT_PROTOTYPES = YES;
				CLANG_WARN_SUSPICIOUS_MOVE = YES;
				CLANG_WARN_UNGUARDED_AVAILABILITY = YES_AGGRESSIVE;
				CLANG_WARN_UNREACHABLE_CODE = YES;
				CLANG_WARN__DUPLICATE_METHOD_MATCH = YES;
				COPY_PHASE_STRIP = NO;
				DEBUG_INFORMATION_FORMAT = "dwarf-with-dsym";
				ENABLE_NS_ASSERTIONS = NO;
				ENABLE_STRICT_OBJC_MSGSEND = YES;
				GCC_C_LANGUAGE_STANDARD = gnu11;
				GCC_NO_COMMON_BLOCKS = YES;
				GCC_WARN_64_TO_32_BIT_CONVERSION = YES;
				GCC_WARN_ABOUT_RETURN_TYPE = YES_ERROR;
				GCC_WARN_UNDECLARED_SELECTOR = YES;
				GCC_WARN_UNINITIALIZED_AUTOS = YES_AGGRESSIVE;
				GCC_WARN_UNUSED_FUNCTION = YES;
				GCC_WARN_UNUSED_VARIABLE = YES;
				IPHONEOS_DEPLOYMENT_TARGET = 16.4;
				MTL_ENABLE_DEBUG_INFO = NO;
				MTL_FAST_MATH = YES;
				SDKROOT = iphoneos;
				SWIFT_COMPILATION_MODE = wholemodule;
				SWIFT_OPTIMIZATION_LEVEL = "-O";
				VALIDATE_PRODUCT = YES;
			};
			name = Release;
		};
		B7FB066C2A69539B00AAAA2D /* Debug */ = {
			isa = XCBuildConfiguration;
			buildSettings = {
				ASSETCATALOG_COMPILER_APPICON_NAME = AppIcon;
				ASSETCATALOG_COMPILER_GLOBAL_ACCENT_COLOR_NAME = AccentColor;
				CODE_SIGN_STYLE = Automatic;
				CURRENT_PROJECT_VERSION = 1;
				DEVELOPMENT_ASSET_PATHS = "\"SwiftUI-Weather/Preview Content\"";
				DEVELOPMENT_TEAM = 7YFUVB59LX;
				ENABLE_PREVIEWS = YES;
				GENERATE_INFOPLIST_FILE = YES;
				INFOPLIST_KEY_UIApplicationSceneManifest_Generation = YES;
				INFOPLIST_KEY_UIApplicationSupportsIndirectInputEvents = YES;
				INFOPLIST_KEY_UILaunchScreen_Generation = YES;
				INFOPLIST_KEY_UISupportedInterfaceOrientations_iPad = "UIInterfaceOrientationPortrait UIInterfaceOrientationPortraitUpsideDown UIInterfaceOrientationLandscapeLeft UIInterfaceOrientationLandscapeRight";
				INFOPLIST_KEY_UISupportedInterfaceOrientations_iPhone = "UIInterfaceOrientationPortrait UIInterfaceOrientationLandscapeLeft UIInterfaceOrientationLandscapeRight";
				LD_RUNPATH_SEARCH_PATHS = (
					"$(inherited)",
					"@executable_path/Frameworks",
				);
				MARKETING_VERSION = 1.0;
				PRODUCT_BUNDLE_IDENTIFIER = "com.redreiev.SwiftUI-Weather";
				PRODUCT_NAME = "$(TARGET_NAME)";
				SWIFT_EMIT_LOC_STRINGS = YES;
				SWIFT_VERSION = 5.0;
				TARGETED_DEVICE_FAMILY = "1,2";
			};
			name = Debug;
		};
		B7FB066D2A69539B00AAAA2D /* Release */ = {
			isa = XCBuildConfiguration;
			buildSettings = {
				ASSETCATALOG_COMPILER_APPICON_NAME = AppIcon;
				ASSETCATALOG_COMPILER_GLOBAL_ACCENT_COLOR_NAME = AccentColor;
				CODE_SIGN_STYLE = Automatic;
				CURRENT_PROJECT_VERSION = 1;
				DEVELOPMENT_ASSET_PATHS = "\"SwiftUI-Weather/Preview Content\"";
				DEVELOPMENT_TEAM = 7YFUVB59LX;
				ENABLE_PREVIEWS = YES;
				GENERATE_INFOPLIST_FILE = YES;
				INFOPLIST_KEY_UIApplicationSceneManifest_Generation = YES;
				INFOPLIST_KEY_UIApplicationSupportsIndirectInputEvents = YES;
				INFOPLIST_KEY_UILaunchScreen_Generation = YES;
				INFOPLIST_KEY_UISupportedInterfaceOrientations_iPad = "UIInterfaceOrientationPortrait UIInterfaceOrientationPortraitUpsideDown UIInterfaceOrientationLandscapeLeft UIInterfaceOrientationLandscapeRight";
				INFOPLIST_KEY_UISupportedInterfaceOrientations_iPhone = "UIInterfaceOrientationPortrait UIInterfaceOrientationLandscapeLeft UIInterfaceOrientationLandscapeRight";
				LD_RUNPATH_SEARCH_PATHS = (
					"$(inherited)",
					"@executable_path/Frameworks",
				);
				MARKETING_VERSION = 1.0;
				PRODUCT_BUNDLE_IDENTIFIER = "com.redreiev.SwiftUI-Weather";
				PRODUCT_NAME = "$(TARGET_NAME)";
				SWIFT_EMIT_LOC_STRINGS = YES;
				SWIFT_VERSION = 5.0;
				TARGETED_DEVICE_FAMILY = "1,2";
			};
			name = Release;
		};
/* End XCBuildConfiguration section */

/* Begin XCConfigurationList section */
		B7FB06582A69539900AAAA2D /* Build configuration list for PBXProject "SwiftUI-Weather" */ = {
			isa = XCConfigurationList;
			buildConfigurations = (
				B7FB06692A69539B00AAAA2D /* Debug */,
				B7FB066A2A69539B00AAAA2D /* Release */,
			);
			defaultConfigurationIsVisible = 0;
			defaultConfigurationName = Release;
		};
		B7FB066B2A69539B00AAAA2D /* Build configuration list for PBXNativeTarget "SwiftUI-Weather" */ = {
			isa = XCConfigurationList;
			buildConfigurations = (
				B7FB066C2A69539B00AAAA2D /* Debug */,
				B7FB066D2A69539B00AAAA2D /* Release */,
			);
			defaultConfigurationIsVisible = 0;
			defaultConfigurationName = Release;
		};
/* End XCConfigurationList section */
	};
	rootObject = B7FB06552A69539900AAAA2D /* Project object */;
}
